
Microsoft Visual Studio Solution File, Format Version 12.00
# Visual Studio Version 16
VisualStudioVersion = 16.0.31613.86
MinimumVisualStudioVersion = 10.0.40219.1
Project("{FAE04EC0-301F-11D3-BF4B-00C04F79EFBC}") = "LoginForm", "LoginForm\LoginForm.csproj", "{CFCDB7A8-7B9C-4A1C-8C6F-D5A10AAC4A83}"
EndProject
Project("{9A19103F-16F7-4668-BE54-9A1E7A4F7556}") = "Model", "Model\Model.csproj", "{F0FB9600-F45C-43B5-88FE-155FF12DECE3}"
EndProject
Project("{FAE04EC0-301F-11D3-BF4B-00C04F79EFBC}") = "Presenter", "Presenter\Presenter.csproj", "{5CAABDDB-AE9E-4FE2-844C-231B907E7E0F}"
EndProject
Global
	GlobalSection(SolutionConfigurationPlatforms) = preSolution
		Debug|Any CPU = Debug|Any CPU
		Release|Any CPU = Release|Any CPU
	EndGlobalSection
	GlobalSection(ProjectConfigurationPlatforms) = postSolution
		{CFCDB7A8-7B9C-4A1C-8C6F-D5A10AAC4A83}.Debug|Any CPU.ActiveCfg = Debug|Any CPU
		{CFCDB7A8-7B9C-4A1C-8C6F-D5A10AAC4A83}.Debug|Any CPU.Build.0 = Debug|Any CPU
		{CFCDB7A8-7B9C-4A1C-8C6F-D5A10AAC4A83}.Release|Any CPU.ActiveCfg = Release|Any CPU
		{CFCDB7A8-7B9C-4A1C-8C6F-D5A10AAC4A83}.Release|Any CPU.Build.0 = Release|Any CPU
		{F0FB9600-F45C-43B5-88FE-155FF12DECE3}.Debug|Any CPU.ActiveCfg = Debug|Any CPU
		{F0FB9600-F45C-43B5-88FE-155FF12DECE3}.Debug|Any CPU.Build.0 = Debug|Any CPU
		{F0FB9600-F45C-43B5-88FE-155FF12DECE3}.Release|Any CPU.ActiveCfg = Release|Any CPU
		{F0FB9600-F45C-43B5-88FE-155FF12DECE3}.Release|Any CPU.Build.0 = Release|Any CPU
		{5CAABDDB-AE9E-4FE2-844C-231B907E7E0F}.Debug|Any CPU.ActiveCfg = Debug|Any CPU
		{5CAABDDB-AE9E-4FE2-844C-231B907E7E0F}.Debug|Any CPU.Build.0 = Debug|Any CPU
		{5CAABDDB-AE9E-4FE2-844C-231B907E7E0F}.Release|Any CPU.ActiveCfg = Release|Any CPU
		{5CAABDDB-AE9E-4FE2-844C-231B907E7E0F}.Release|Any CPU.Build.0 = Release|Any CPU
	EndGlobalSection
	GlobalSection(SolutionProperties) = preSolution
		HideSolutionNode = FALSE
	EndGlobalSection
	GlobalSection(ExtensibilityGlobals) = postSolution
		SolutionGuid = {82921A80-CAC9-4592-AAFF-E244E7C75321}
	EndGlobalSection
EndGlobal
