
Microsoft Visual Studio Solution File, Format Version 12.00
# Visual Studio 15
VisualStudioVersion = 15.0.28307.902
MinimumVisualStudioVersion = 10.0.40219.1
Project("{FAE04EC0-301F-11D3-BF4B-00C04F79EFBC}") = "LoginForm", "LoginForm\LoginForm.csproj", "{CFCDB7A8-7B9C-4A1C-8C6F-D5A10AAC4A83}"
EndProject
<<<<<<< HEAD
Project("{FAE04EC0-301F-11D3-BF4B-00C04F79EFBC}") = "Model", "Model\Model.csproj", "{9860911C-8A14-406A-B393-CEA22CA40D2F}"
=======
Project("{FAE04EC0-301F-11D3-BF4B-00C04F79EFBC}") = "Model", "Model\Model.csproj", "{0B86E350-51E4-448D-A2B9-C68FC1AD9213}"
>>>>>>> 1e777e1891892fef0b8ea54a863d6f3cd6c9bb5b
EndProject
Global
	GlobalSection(SolutionConfigurationPlatforms) = preSolution
		Debug|Any CPU = Debug|Any CPU
		Release|Any CPU = Release|Any CPU
	EndGlobalSection
	GlobalSection(ProjectConfigurationPlatforms) = postSolution
		{CFCDB7A8-7B9C-4A1C-8C6F-D5A10AAC4A83}.Debug|Any CPU.ActiveCfg = Debug|Any CPU
		{CFCDB7A8-7B9C-4A1C-8C6F-D5A10AAC4A83}.Debug|Any CPU.Build.0 = Debug|Any CPU
		{CFCDB7A8-7B9C-4A1C-8C6F-D5A10AAC4A83}.Release|Any CPU.ActiveCfg = Release|Any CPU
		{CFCDB7A8-7B9C-4A1C-8C6F-D5A10AAC4A83}.Release|Any CPU.Build.0 = Release|Any CPU
<<<<<<< HEAD
		{9860911C-8A14-406A-B393-CEA22CA40D2F}.Debug|Any CPU.ActiveCfg = Debug|Any CPU
		{9860911C-8A14-406A-B393-CEA22CA40D2F}.Debug|Any CPU.Build.0 = Debug|Any CPU
		{9860911C-8A14-406A-B393-CEA22CA40D2F}.Release|Any CPU.ActiveCfg = Release|Any CPU
		{9860911C-8A14-406A-B393-CEA22CA40D2F}.Release|Any CPU.Build.0 = Release|Any CPU
=======
		{0B86E350-51E4-448D-A2B9-C68FC1AD9213}.Debug|Any CPU.ActiveCfg = Debug|Any CPU
		{0B86E350-51E4-448D-A2B9-C68FC1AD9213}.Debug|Any CPU.Build.0 = Debug|Any CPU
		{0B86E350-51E4-448D-A2B9-C68FC1AD9213}.Release|Any CPU.ActiveCfg = Release|Any CPU
		{0B86E350-51E4-448D-A2B9-C68FC1AD9213}.Release|Any CPU.Build.0 = Release|Any CPU
>>>>>>> 1e777e1891892fef0b8ea54a863d6f3cd6c9bb5b
	EndGlobalSection
	GlobalSection(SolutionProperties) = preSolution
		HideSolutionNode = FALSE
	EndGlobalSection
	GlobalSection(ExtensibilityGlobals) = postSolution
		SolutionGuid = {82921A80-CAC9-4592-AAFF-E244E7C75321}
	EndGlobalSection
EndGlobal
